
Microsoft Visual Studio Solution File, Format Version 12.00
# Visual Studio 15
VisualStudioVersion = 15.0.27130.0
MinimumVisualStudioVersion = 10.0.40219.1
Project("{FAE04EC0-301F-11D3-BF4B-00C04F79EFBC}") = "Car-Dealer", "Car-Dealer\Car-Dealer.csproj", "{00BFB260-BBC1-44CA-96FC-D4C53E2F1C56}"
EndProject
Global
	GlobalSection(SolutionConfigurationPlatforms) = preSolution
		Debug|Any CPU = Debug|Any CPU
		Release|Any CPU = Release|Any CPU
	EndGlobalSection
	GlobalSection(ProjectConfigurationPlatforms) = postSolution
		{00BFB260-BBC1-44CA-96FC-D4C53E2F1C56}.Debug|Any CPU.ActiveCfg = Debug|Any CPU
		{00BFB260-BBC1-44CA-96FC-D4C53E2F1C56}.Debug|Any CPU.Build.0 = Debug|Any CPU
		{00BFB260-BBC1-44CA-96FC-D4C53E2F1C56}.Release|Any CPU.ActiveCfg = Release|Any CPU
		{00BFB260-BBC1-44CA-96FC-D4C53E2F1C56}.Release|Any CPU.Build.0 = Release|Any CPU
	EndGlobalSection
	GlobalSection(SolutionProperties) = preSolution
		HideSolutionNode = FALSE
	EndGlobalSection
	GlobalSection(ExtensibilityGlobals) = postSolution
		SolutionGuid = {898A38CF-4113-4549-9D83-7E9F47D06A29}
	EndGlobalSection
EndGlobal
